
Microsoft Visual Studio Solution File, Format Version 12.00
# Visual Studio Version 17
VisualStudioVersion = 17.13.35919.96 d17.13
MinimumVisualStudioVersion = 10.0.40219.1
Project("{FAE04EC0-301F-11D3-BF4B-00C04F79EFBC}") = "ClienteService", "ClienteService\ClienteService.csproj", "{A80D8317-6C81-4214-AD37-CB027EC79694}"
EndProject
Global
	GlobalSection(SolutionConfigurationPlatforms) = preSolution
		Debug|Any CPU = Debug|Any CPU
		Release|Any CPU = Release|Any CPU
	EndGlobalSection
	GlobalSection(ProjectConfigurationPlatforms) = postSolution
		{A80D8317-6C81-4214-AD37-CB027EC79694}.Debug|Any CPU.ActiveCfg = Debug|Any CPU
		{A80D8317-6C81-4214-AD37-CB027EC79694}.Debug|Any CPU.Build.0 = Debug|Any CPU
		{A80D8317-6C81-4214-AD37-CB027EC79694}.Release|Any CPU.ActiveCfg = Release|Any CPU
		{A80D8317-6C81-4214-AD37-CB027EC79694}.Release|Any CPU.Build.0 = Release|Any CPU
	EndGlobalSection
	GlobalSection(SolutionProperties) = preSolution
		HideSolutionNode = FALSE
	EndGlobalSection
	GlobalSection(ExtensibilityGlobals) = postSolution
		SolutionGuid = {046B934F-79CD-42D4-A152-A21F19426FD7}
	EndGlobalSection
EndGlobal
